
Microsoft Visual Studio Solution File, Format Version 11.00
# Visual Studio 2010
Project("{FAE04EC0-301F-11D3-BF4B-00C04F79EFBC}") = "NTemplate", "NTemplate\NTemplate.csproj", "{3FE32B74-5245-4662-A8ED-F5A26094858A}"
EndProject
Project("{FAE04EC0-301F-11D3-BF4B-00C04F79EFBC}") = "NTemplate.Tests", "NTemplate.Tests\NTemplate.Tests.csproj", "{EC45D405-5C06-4951-9650-2A945A76AC83}"
EndProject
Project("{2150E333-8FDC-42A3-9474-1A3956D46DE8}") = "SolutionItems", "SolutionItems", "{C52E1442-5E46-4391-98A4-4CAAB28AE60C}"
	ProjectSection(SolutionItems) = preProject
		SolutionAssemblyInfo.cs = SolutionAssemblyInfo.cs
	EndProjectSection
EndProject
Global
	GlobalSection(SolutionConfigurationPlatforms) = preSolution
		Debug|Any CPU = Debug|Any CPU
		Release|Any CPU = Release|Any CPU
	EndGlobalSection
	GlobalSection(ProjectConfigurationPlatforms) = postSolution
		{3FE32B74-5245-4662-A8ED-F5A26094858A}.Debug|Any CPU.ActiveCfg = Debug|Any CPU
		{3FE32B74-5245-4662-A8ED-F5A26094858A}.Debug|Any CPU.Build.0 = Debug|Any CPU
		{3FE32B74-5245-4662-A8ED-F5A26094858A}.Release|Any CPU.ActiveCfg = Release|Any CPU
		{3FE32B74-5245-4662-A8ED-F5A26094858A}.Release|Any CPU.Build.0 = Release|Any CPU
		{EC45D405-5C06-4951-9650-2A945A76AC83}.Debug|Any CPU.ActiveCfg = Debug|Any CPU
		{EC45D405-5C06-4951-9650-2A945A76AC83}.Debug|Any CPU.Build.0 = Debug|Any CPU
		{EC45D405-5C06-4951-9650-2A945A76AC83}.Release|Any CPU.ActiveCfg = Release|Any CPU
		{EC45D405-5C06-4951-9650-2A945A76AC83}.Release|Any CPU.Build.0 = Release|Any CPU
	EndGlobalSection
	GlobalSection(SolutionProperties) = preSolution
		HideSolutionNode = FALSE
	EndGlobalSection
EndGlobal
